
Microsoft Visual Studio Solution File, Format Version 12.00
# Visual Studio Version 17
VisualStudioVersion = 17.5.33530.505
MinimumVisualStudioVersion = 10.0.40219.1
Project("{888888A0-9F3D-457C-B088-3A5042F75D52}") = "gametester", "gametester.pyproj", "{17467AC7-830C-479A-B6F3-B0B1A692D765}"
EndProject
Global
	GlobalSection(SolutionConfigurationPlatforms) = preSolution
		Debug|Any CPU = Debug|Any CPU
		Release|Any CPU = Release|Any CPU
	EndGlobalSection
	GlobalSection(ProjectConfigurationPlatforms) = postSolution
		{17467AC7-830C-479A-B6F3-B0B1A692D765}.Debug|Any CPU.ActiveCfg = Debug|Any CPU
		{17467AC7-830C-479A-B6F3-B0B1A692D765}.Release|Any CPU.ActiveCfg = Release|Any CPU
	EndGlobalSection
	GlobalSection(SolutionProperties) = preSolution
		HideSolutionNode = FALSE
	EndGlobalSection
	GlobalSection(ExtensibilityGlobals) = postSolution
		SolutionGuid = {4D08D182-73C5-4E38-BFF9-6D23A1385EE4}
	EndGlobalSection
EndGlobal
